// !$*UTF8*$!
{
	archiveVersion = 1;
	classes = {
	};
	objectVersion = 55;
	objects = {

/* Begin PBXBuildFile section */
		E7E3CD6B28A06AB30095F07A /* CatchEmojiApp.swift in Sources */ = {isa = PBXBuildFile; fileRef = E7E3CD6A28A06AB30095F07A /* CatchEmojiApp.swift */; };
		E7E3CD6D28A06AB30095F07A /* ContentView.swift in Sources */ = {isa = PBXBuildFile; fileRef = E7E3CD6C28A06AB30095F07A /* ContentView.swift */; };
		E7E3CD6F28A06AB60095F07A /* Assets.xcassets in Resources */ = {isa = PBXBuildFile; fileRef = E7E3CD6E28A06AB60095F07A /* Assets.xcassets */; };
		E7E3CD7228A06AB60095F07A /* Preview Assets.xcassets in Resources */ = {isa = PBXBuildFile; fileRef = E7E3CD7128A06AB60095F07A /* Preview Assets.xcassets */; };
		E7E3CDA228A07D0F0095F07A /* GameScreen.swift in Sources */ = {isa = PBXBuildFile; fileRef = E7E3CDA128A07D0F0095F07A /* GameScreen.swift */; };
		E7E3CDA428A07DD00095F07A /* InstructionScreen.swift in Sources */ = {isa = PBXBuildFile; fileRef = E7E3CDA328A07DD00095F07A /* InstructionScreen.swift */; };
		E7E3CDA928A07FDA0095F07A /* Navigation in Frameworks */ = {isa = PBXBuildFile; productRef = E7E3CDA828A07FDA0095F07A /* Navigation */; };
		E7E3CDAD28A0806F0095F07A /* Mode.swift in Sources */ = {isa = PBXBuildFile; fileRef = E7E3CDAC28A0806F0095F07A /* Mode.swift */; };
		E7E3CDAF28A081770095F07A /* ScreenMaker.swift in Sources */ = {isa = PBXBuildFile; fileRef = E7E3CDAE28A081770095F07A /* ScreenMaker.swift */; };
		E7E3CDB128A081A20095F07A /* TypeViewModel.swift in Sources */ = {isa = PBXBuildFile; fileRef = E7E3CDB028A081A20095F07A /* TypeViewModel.swift */; };
		E7E3CDB528A082CE0095F07A /* MenuScreen.swift in Sources */ = {isa = PBXBuildFile; fileRef = E7E3CDB428A082CE0095F07A /* MenuScreen.swift */; };
		E7E3CDB828A088230095F07A /* View.swift in Sources */ = {isa = PBXBuildFile; fileRef = E7E3CDB728A088230095F07A /* View.swift */; };
		E7E3CDBA28A088B60095F07A /* ResultScreen.swift in Sources */ = {isa = PBXBuildFile; fileRef = E7E3CDB928A088B60095F07A /* ResultScreen.swift */; };
		E7E3CDBC28A088D60095F07A /* ScoreScreen.swift in Sources */ = {isa = PBXBuildFile; fileRef = E7E3CDBB28A088D60095F07A /* ScoreScreen.swift */; };
/* End PBXBuildFile section */

/* Begin PBXFileReference section */
		E7E3CD6728A06AB30095F07A /* CatchEmoji.app */ = {isa = PBXFileReference; explicitFileType = wrapper.application; includeInIndex = 0; path = CatchEmoji.app; sourceTree = BUILT_PRODUCTS_DIR; };
		E7E3CD6A28A06AB30095F07A /* CatchEmojiApp.swift */ = {isa = PBXFileReference; lastKnownFileType = sourcecode.swift; path = CatchEmojiApp.swift; sourceTree = "<group>"; };
		E7E3CD6C28A06AB30095F07A /* ContentView.swift */ = {isa = PBXFileReference; lastKnownFileType = sourcecode.swift; path = ContentView.swift; sourceTree = "<group>"; };
		E7E3CD6E28A06AB60095F07A /* Assets.xcassets */ = {isa = PBXFileReference; lastKnownFileType = folder.assetcatalog; path = Assets.xcassets; sourceTree = "<group>"; };
		E7E3CD7128A06AB60095F07A /* Preview Assets.xcassets */ = {isa = PBXFileReference; lastKnownFileType = folder.assetcatalog; path = "Preview Assets.xcassets"; sourceTree = "<group>"; };
		E7E3CDA128A07D0F0095F07A /* GameScreen.swift */ = {isa = PBXFileReference; lastKnownFileType = sourcecode.swift; path = GameScreen.swift; sourceTree = "<group>"; };
		E7E3CDA328A07DD00095F07A /* InstructionScreen.swift */ = {isa = PBXFileReference; lastKnownFileType = sourcecode.swift; path = InstructionScreen.swift; sourceTree = "<group>"; };
		E7E3CDA628A07FB20095F07A /* Navigation */ = {isa = PBXFileReference; lastKnownFileType = wrapper; path = Navigation; sourceTree = "<group>"; };
		E7E3CDAC28A0806F0095F07A /* Mode.swift */ = {isa = PBXFileReference; lastKnownFileType = sourcecode.swift; path = Mode.swift; sourceTree = "<group>"; };
		E7E3CDAE28A081770095F07A /* ScreenMaker.swift */ = {isa = PBXFileReference; lastKnownFileType = sourcecode.swift; path = ScreenMaker.swift; sourceTree = "<group>"; };
		E7E3CDB028A081A20095F07A /* TypeViewModel.swift */ = {isa = PBXFileReference; lastKnownFileType = sourcecode.swift; path = TypeViewModel.swift; sourceTree = "<group>"; };
		E7E3CDB428A082CE0095F07A /* MenuScreen.swift */ = {isa = PBXFileReference; lastKnownFileType = sourcecode.swift; path = MenuScreen.swift; sourceTree = "<group>"; };
		E7E3CDB728A088230095F07A /* View.swift */ = {isa = PBXFileReference; lastKnownFileType = sourcecode.swift; path = View.swift; sourceTree = "<group>"; };
		E7E3CDB928A088B60095F07A /* ResultScreen.swift */ = {isa = PBXFileReference; lastKnownFileType = sourcecode.swift; path = ResultScreen.swift; sourceTree = "<group>"; };
		E7E3CDBB28A088D60095F07A /* ScoreScreen.swift */ = {isa = PBXFileReference; lastKnownFileType = sourcecode.swift; path = ScoreScreen.swift; sourceTree = "<group>"; };
/* End PBXFileReference section */

/* Begin PBXFrameworksBuildPhase section */
		E7E3CD6428A06AB30095F07A /* Frameworks */ = {
			isa = PBXFrameworksBuildPhase;
			buildActionMask = 2147483647;
			files = (
				E7E3CDA928A07FDA0095F07A /* Navigation in Frameworks */,
			);
			runOnlyForDeploymentPostprocessing = 0;
		};
/* End PBXFrameworksBuildPhase section */

/* Begin PBXGroup section */
		E7E3CD5E28A06AB30095F07A = {
			isa = PBXGroup;
			children = (
				E7E3CDA528A07FB20095F07A /* Packages */,
				E7E3CD6928A06AB30095F07A /* CatchEmoji */,
				E7E3CD6828A06AB30095F07A /* Products */,
				E7E3CDA728A07FDA0095F07A /* Frameworks */,
			);
			sourceTree = "<group>";
		};
		E7E3CD6828A06AB30095F07A /* Products */ = {
			isa = PBXGroup;
			children = (
				E7E3CD6728A06AB30095F07A /* CatchEmoji.app */,
			);
			name = Products;
			sourceTree = "<group>";
		};
		E7E3CD6928A06AB30095F07A /* CatchEmoji */ = {
			isa = PBXGroup;
			children = (
				E7E3CDB628A088120095F07A /* extentions */,
				E7E3CDB328A082BA0095F07A /* MenuScreen */,
				E7E3CDAB28A080630095F07A /* Models */,
				E7E3CDAA28A0805B0095F07A /* ViewModels */,
				E7E3CD7C28A06B970095F07A /* ResultScreen */,
				E7E3CD7A28A06B650095F07A /* ScoreScreen */,
				E7E3CD7828A06B3D0095F07A /* GameScreen */,
				E7E3CD6A28A06AB30095F07A /* CatchEmojiApp.swift */,
				E7E3CD6C28A06AB30095F07A /* ContentView.swift */,
				E7E3CD6E28A06AB60095F07A /* Assets.xcassets */,
				E7E3CD7028A06AB60095F07A /* Preview Content */,
			);
			path = CatchEmoji;
			sourceTree = "<group>";
		};
		E7E3CD7028A06AB60095F07A /* Preview Content */ = {
			isa = PBXGroup;
			children = (
				E7E3CD7128A06AB60095F07A /* Preview Assets.xcassets */,
			);
			path = "Preview Content";
			sourceTree = "<group>";
		};
		E7E3CD7828A06B3D0095F07A /* GameScreen */ = {
			isa = PBXGroup;
			children = (
				E7E3CDA128A07D0F0095F07A /* GameScreen.swift */,
				E7E3CDA328A07DD00095F07A /* InstructionScreen.swift */,
				E7E3CDAE28A081770095F07A /* ScreenMaker.swift */,
			);
			path = GameScreen;
			sourceTree = "<group>";
		};
		E7E3CD7A28A06B650095F07A /* ScoreScreen */ = {
			isa = PBXGroup;
			children = (
				E7E3CDBB28A088D60095F07A /* ScoreScreen.swift */,
			);
			path = ScoreScreen;
			sourceTree = "<group>";
		};
		E7E3CD7C28A06B970095F07A /* ResultScreen */ = {
			isa = PBXGroup;
			children = (
				E7E3CDB928A088B60095F07A /* ResultScreen.swift */,
			);
			path = ResultScreen;
			sourceTree = "<group>";
		};
		E7E3CDA528A07FB20095F07A /* Packages */ = {
			isa = PBXGroup;
			children = (
				E7E3CDA628A07FB20095F07A /* Navigation */,
			);
			name = Packages;
			sourceTree = "<group>";
		};
		E7E3CDA728A07FDA0095F07A /* Frameworks */ = {
			isa = PBXGroup;
			children = (
			);
			name = Frameworks;
			sourceTree = "<group>";
		};
		E7E3CDAA28A0805B0095F07A /* ViewModels */ = {
			isa = PBXGroup;
			children = (
				E7E3CDB028A081A20095F07A /* TypeViewModel.swift */,
			);
			path = ViewModels;
			sourceTree = "<group>";
		};
		E7E3CDAB28A080630095F07A /* Models */ = {
			isa = PBXGroup;
			children = (
				E7E3CDAC28A0806F0095F07A /* Mode.swift */,
			);
			path = Models;
			sourceTree = "<group>";
		};
		E7E3CDB328A082BA0095F07A /* MenuScreen */ = {
			isa = PBXGroup;
			children = (
				E7E3CDB428A082CE0095F07A /* MenuScreen.swift */,
			);
			path = MenuScreen;
			sourceTree = "<group>";
		};
		E7E3CDB628A088120095F07A /* extentions */ = {
			isa = PBXGroup;
			children = (
				E7E3CDB728A088230095F07A /* View.swift */,
			);
			path = extentions;
			sourceTree = "<group>";
		};
/* End PBXGroup section */

/* Begin PBXNativeTarget section */
		E7E3CD6628A06AB30095F07A /* CatchEmoji */ = {
			isa = PBXNativeTarget;
			buildConfigurationList = E7E3CD7528A06AB60095F07A /* Build configuration list for PBXNativeTarget "CatchEmoji" */;
			buildPhases = (
				E7E3CD6328A06AB30095F07A /* Sources */,
				E7E3CD6428A06AB30095F07A /* Frameworks */,
				E7E3CD6528A06AB30095F07A /* Resources */,
			);
			buildRules = (
			);
			dependencies = (
			);
			name = CatchEmoji;
			packageProductDependencies = (
				E7E3CDA828A07FDA0095F07A /* Navigation */,
			);
			productName = CatchEmoji;
			productReference = E7E3CD6728A06AB30095F07A /* CatchEmoji.app */;
			productType = "com.apple.product-type.application";
		};
/* End PBXNativeTarget section */

/* Begin PBXProject section */
		E7E3CD5F28A06AB30095F07A /* Project object */ = {
			isa = PBXProject;
			attributes = {
				BuildIndependentTargetsInParallel = 1;
				LastSwiftUpdateCheck = 1340;
				LastUpgradeCheck = 1340;
				TargetAttributes = {
					E7E3CD6628A06AB30095F07A = {
						CreatedOnToolsVersion = 13.4.1;
					};
				};
			};
			buildConfigurationList = E7E3CD6228A06AB30095F07A /* Build configuration list for PBXProject "CatchEmoji" */;
			compatibilityVersion = "Xcode 13.0";
			developmentRegion = en;
			hasScannedForEncodings = 0;
			knownRegions = (
				en,
				Base,
			);
			mainGroup = E7E3CD5E28A06AB30095F07A;
			productRefGroup = E7E3CD6828A06AB30095F07A /* Products */;
			projectDirPath = "";
			projectRoot = "";
			targets = (
				E7E3CD6628A06AB30095F07A /* CatchEmoji */,
			);
		};
/* End PBXProject section */

/* Begin PBXResourcesBuildPhase section */
		E7E3CD6528A06AB30095F07A /* Resources */ = {
			isa = PBXResourcesBuildPhase;
			buildActionMask = 2147483647;
			files = (
				E7E3CD7228A06AB60095F07A /* Preview Assets.xcassets in Resources */,
				E7E3CD6F28A06AB60095F07A /* Assets.xcassets in Resources */,
			);
			runOnlyForDeploymentPostprocessing = 0;
		};
/* End PBXResourcesBuildPhase section */

/* Begin PBXSourcesBuildPhase section */
		E7E3CD6328A06AB30095F07A /* Sources */ = {
			isa = PBXSourcesBuildPhase;
			buildActionMask = 2147483647;
			files = (
				E7E3CDB528A082CE0095F07A /* MenuScreen.swift in Sources */,
				E7E3CDAF28A081770095F07A /* ScreenMaker.swift in Sources */,
				E7E3CDA428A07DD00095F07A /* InstructionScreen.swift in Sources */,
				E7E3CDAD28A0806F0095F07A /* Mode.swift in Sources */,
				E7E3CDB128A081A20095F07A /* TypeViewModel.swift in Sources */,
				E7E3CDB828A088230095F07A /* View.swift in Sources */,
				E7E3CDBA28A088B60095F07A /* ResultScreen.swift in Sources */,
				E7E3CDBC28A088D60095F07A /* ScoreScreen.swift in Sources */,
				E7E3CD6D28A06AB30095F07A /* ContentView.swift in Sources */,
				E7E3CDA228A07D0F0095F07A /* GameScreen.swift in Sources */,
				E7E3CD6B28A06AB30095F07A /* CatchEmojiApp.swift in Sources */,
			);
			runOnlyForDeploymentPostprocessing = 0;
		};
/* End PBXSourcesBuildPhase section */

/* Begin XCBuildConfiguration section */
		E7E3CD7328A06AB60095F07A /* Debug */ = {
			isa = XCBuildConfiguration;
			buildSettings = {
				ALWAYS_SEARCH_USER_PATHS = NO;
				CLANG_ANALYZER_NONNULL = YES;
				CLANG_ANALYZER_NUMBER_OBJECT_CONVERSION = YES_AGGRESSIVE;
				CLANG_CXX_LANGUAGE_STANDARD = "gnu++17";
				CLANG_ENABLE_MODULES = YES;
				CLANG_ENABLE_OBJC_ARC = YES;
				CLANG_ENABLE_OBJC_WEAK = YES;
				CLANG_WARN_BLOCK_CAPTURE_AUTORELEASING = YES;
				CLANG_WARN_BOOL_CONVERSION = YES;
				CLANG_WARN_COMMA = YES;
				CLANG_WARN_CONSTANT_CONVERSION = YES;
				CLANG_WARN_DEPRECATED_OBJC_IMPLEMENTATIONS = YES;
				CLANG_WARN_DIRECT_OBJC_ISA_USAGE = YES_ERROR;
				CLANG_WARN_DOCUMENTATION_COMMENTS = YES;
				CLANG_WARN_EMPTY_BODY = YES;
				CLANG_WARN_ENUM_CONVERSION = YES;
				CLANG_WARN_INFINITE_RECURSION = YES;
				CLANG_WARN_INT_CONVERSION = YES;
				CLANG_WARN_NON_LITERAL_NULL_CONVERSION = YES;
				CLANG_WARN_OBJC_IMPLICIT_RETAIN_SELF = YES;
				CLANG_WARN_OBJC_LITERAL_CONVERSION = YES;
				CLANG_WARN_OBJC_ROOT_CLASS = YES_ERROR;
				CLANG_WARN_QUOTED_INCLUDE_IN_FRAMEWORK_HEADER = YES;
				CLANG_WARN_RANGE_LOOP_ANALYSIS = YES;
				CLANG_WARN_STRICT_PROTOTYPES = YES;
				CLANG_WARN_SUSPICIOUS_MOVE = YES;
				CLANG_WARN_UNGUARDED_AVAILABILITY = YES_AGGRESSIVE;
				CLANG_WARN_UNREACHABLE_CODE = YES;
				CLANG_WARN__DUPLICATE_METHOD_MATCH = YES;
				COPY_PHASE_STRIP = NO;
				DEBUG_INFORMATION_FORMAT = dwarf;
				ENABLE_STRICT_OBJC_MSGSEND = YES;
				ENABLE_TESTABILITY = YES;
				GCC_C_LANGUAGE_STANDARD = gnu11;
				GCC_DYNAMIC_NO_PIC = NO;
				GCC_NO_COMMON_BLOCKS = YES;
				GCC_OPTIMIZATION_LEVEL = 0;
				GCC_PREPROCESSOR_DEFINITIONS = (
					"DEBUG=1",
					"$(inherited)",
				);
				GCC_WARN_64_TO_32_BIT_CONVERSION = YES;
				GCC_WARN_ABOUT_RETURN_TYPE = YES_ERROR;
				GCC_WARN_UNDECLARED_SELECTOR = YES;
				GCC_WARN_UNINITIALIZED_AUTOS = YES_AGGRESSIVE;
				GCC_WARN_UNUSED_FUNCTION = YES;
				GCC_WARN_UNUSED_VARIABLE = YES;
				IPHONEOS_DEPLOYMENT_TARGET = 15.5;
				MTL_ENABLE_DEBUG_INFO = INCLUDE_SOURCE;
				MTL_FAST_MATH = YES;
				ONLY_ACTIVE_ARCH = YES;
				SDKROOT = iphoneos;
				SWIFT_ACTIVE_COMPILATION_CONDITIONS = DEBUG;
				SWIFT_OPTIMIZATION_LEVEL = "-Onone";
			};
			name = Debug;
		};
		E7E3CD7428A06AB60095F07A /* Release */ = {
			isa = XCBuildConfiguration;
			buildSettings = {
				ALWAYS_SEARCH_USER_PATHS = NO;
				CLANG_ANALYZER_NONNULL = YES;
				CLANG_ANALYZER_NUMBER_OBJECT_CONVERSION = YES_AGGRESSIVE;
				CLANG_CXX_LANGUAGE_STANDARD = "gnu++17";
				CLANG_ENABLE_MODULES = YES;
				CLANG_ENABLE_OBJC_ARC = YES;
				CLANG_ENABLE_OBJC_WEAK = YES;
				CLANG_WARN_BLOCK_CAPTURE_AUTORELEASING = YES;
				CLANG_WARN_BOOL_CONVERSION = YES;
				CLANG_WARN_COMMA = YES;
				CLANG_WARN_CONSTANT_CONVERSION = YES;
				CLANG_WARN_DEPRECATED_OBJC_IMPLEMENTATIONS = YES;
				CLANG_WARN_DIRECT_OBJC_ISA_USAGE = YES_ERROR;
				CLANG_WARN_DOCUMENTATION_COMMENTS = YES;
				CLANG_WARN_EMPTY_BODY = YES;
				CLANG_WARN_ENUM_CONVERSION = YES;
				CLANG_WARN_INFINITE_RECURSION = YES;
				CLANG_WARN_INT_CONVERSION = YES;
				CLANG_WARN_NON_LITERAL_NULL_CONVERSION = YES;
				CLANG_WARN_OBJC_IMPLICIT_RETAIN_SELF = YES;
				CLANG_WARN_OBJC_LITERAL_CONVERSION = YES;
				CLANG_WARN_OBJC_ROOT_CLASS = YES_ERROR;
				CLANG_WARN_QUOTED_INCLUDE_IN_FRAMEWORK_HEADER = YES;
				CLANG_WARN_RANGE_LOOP_ANALYSIS = YES;
				CLANG_WARN_STRICT_PROTOTYPES = YES;
				CLANG_WARN_SUSPICIOUS_MOVE = YES;
				CLANG_WARN_UNGUARDED_AVAILABILITY = YES_AGGRESSIVE;
				CLANG_WARN_UNREACHABLE_CODE = YES;
				CLANG_WARN__DUPLICATE_METHOD_MATCH = YES;
				COPY_PHASE_STRIP = NO;
				DEBUG_INFORMATION_FORMAT = "dwarf-with-dsym";
				ENABLE_NS_ASSERTIONS = NO;
				ENABLE_STRICT_OBJC_MSGSEND = YES;
				GCC_C_LANGUAGE_STANDARD = gnu11;
				GCC_NO_COMMON_BLOCKS = YES;
				GCC_WARN_64_TO_32_BIT_CONVERSION = YES;
				GCC_WARN_ABOUT_RETURN_TYPE = YES_ERROR;
				GCC_WARN_UNDECLARED_SELECTOR = YES;
				GCC_WARN_UNINITIALIZED_AUTOS = YES_AGGRESSIVE;
				GCC_WARN_UNUSED_FUNCTION = YES;
				GCC_WARN_UNUSED_VARIABLE = YES;
				IPHONEOS_DEPLOYMENT_TARGET = 15.5;
				MTL_ENABLE_DEBUG_INFO = NO;
				MTL_FAST_MATH = YES;
				SDKROOT = iphoneos;
				SWIFT_COMPILATION_MODE = wholemodule;
				SWIFT_OPTIMIZATION_LEVEL = "-O";
				VALIDATE_PRODUCT = YES;
			};
			name = Release;
		};
		E7E3CD7628A06AB60095F07A /* Debug */ = {
			isa = XCBuildConfiguration;
			buildSettings = {
				ASSETCATALOG_COMPILER_APPICON_NAME = AppIcon;
				ASSETCATALOG_COMPILER_GLOBAL_ACCENT_COLOR_NAME = AccentColor;
				CODE_SIGN_STYLE = Automatic;
				CURRENT_PROJECT_VERSION = 1;
				DEVELOPMENT_ASSET_PATHS = "\"CatchEmoji/Preview Content\"";
				DEVELOPMENT_TEAM = W2M8AABV3R;
				ENABLE_PREVIEWS = YES;
				GENERATE_INFOPLIST_FILE = YES;
				INFOPLIST_KEY_UIApplicationSceneManifest_Generation = YES;
				INFOPLIST_KEY_UIApplicationSupportsIndirectInputEvents = YES;
				INFOPLIST_KEY_UILaunchScreen_Generation = YES;
				INFOPLIST_KEY_UISupportedInterfaceOrientations = UIInterfaceOrientationPortrait;
				INFOPLIST_KEY_UISupportedInterfaceOrientations_iPad = UIInterfaceOrientationPortrait;
				INFOPLIST_KEY_UISupportedInterfaceOrientations_iPhone = UIInterfaceOrientationPortrait;
				LD_RUNPATH_SEARCH_PATHS = (
					"$(inherited)",
					"@executable_path/Frameworks",
				);
				MARKETING_VERSION = 1.0;
				PRODUCT_BUNDLE_IDENTIFIER = anniersh.CatchEmoji;
				PRODUCT_NAME = "$(TARGET_NAME)";
				SWIFT_EMIT_LOC_STRINGS = YES;
				SWIFT_VERSION = 5.0;
				TARGETED_DEVICE_FAMILY = "1,2";
			};
			name = Debug;
		};
		E7E3CD7728A06AB60095F07A /* Release */ = {
			isa = XCBuildConfiguration;
			buildSettings = {
				ASSETCATALOG_COMPILER_APPICON_NAME = AppIcon;
				ASSETCATALOG_COMPILER_GLOBAL_ACCENT_COLOR_NAME = AccentColor;
				CODE_SIGN_STYLE = Automatic;
				CURRENT_PROJECT_VERSION = 1;
				DEVELOPMENT_ASSET_PATHS = "\"CatchEmoji/Preview Content\"";
				DEVELOPMENT_TEAM = W2M8AABV3R;
				ENABLE_PREVIEWS = YES;
				GENERATE_INFOPLIST_FILE = YES;
				INFOPLIST_KEY_UIApplicationSceneManifest_Generation = YES;
				INFOPLIST_KEY_UIApplicationSupportsIndirectInputEvents = YES;
				INFOPLIST_KEY_UILaunchScreen_Generation = YES;
				INFOPLIST_KEY_UISupportedInterfaceOrientations = UIInterfaceOrientationPortrait;
				INFOPLIST_KEY_UISupportedInterfaceOrientations_iPad = UIInterfaceOrientationPortrait;
				INFOPLIST_KEY_UISupportedInterfaceOrientations_iPhone = UIInterfaceOrientationPortrait;
				LD_RUNPATH_SEARCH_PATHS = (
					"$(inherited)",
					"@executable_path/Frameworks",
				);
				MARKETING_VERSION = 1.0;
				PRODUCT_BUNDLE_IDENTIFIER = anniersh.CatchEmoji;
				PRODUCT_NAME = "$(TARGET_NAME)";
				SWIFT_EMIT_LOC_STRINGS = YES;
				SWIFT_VERSION = 5.0;
				TARGETED_DEVICE_FAMILY = "1,2";
			};
			name = Release;
		};
/* End XCBuildConfiguration section */

/* Begin XCConfigurationList section */
		E7E3CD6228A06AB30095F07A /* Build configuration list for PBXProject "CatchEmoji" */ = {
			isa = XCConfigurationList;
			buildConfigurations = (
				E7E3CD7328A06AB60095F07A /* Debug */,
				E7E3CD7428A06AB60095F07A /* Release */,
			);
			defaultConfigurationIsVisible = 0;
			defaultConfigurationName = Release;
		};
		E7E3CD7528A06AB60095F07A /* Build configuration list for PBXNativeTarget "CatchEmoji" */ = {
			isa = XCConfigurationList;
			buildConfigurations = (
				E7E3CD7628A06AB60095F07A /* Debug */,
				E7E3CD7728A06AB60095F07A /* Release */,
			);
			defaultConfigurationIsVisible = 0;
			defaultConfigurationName = Release;
		};
/* End XCConfigurationList section */

/* Begin XCSwiftPackageProductDependency section */
		E7E3CDA828A07FDA0095F07A /* Navigation */ = {
			isa = XCSwiftPackageProductDependency;
			productName = Navigation;
		};
/* End XCSwiftPackageProductDependency section */
	};
	rootObject = E7E3CD5F28A06AB30095F07A /* Project object */;
}
